
Microsoft Visual Studio Solution File, Format Version 12.00
# Visual Studio Version 17
VisualStudioVersion = 17.8.34525.116
MinimumVisualStudioVersion = 10.0.40219.1
Project("{FAE04EC0-301F-11D3-BF4B-00C04F79EFBC}") = "ST10269809_CLDV6212_POE", "ST10269809_CLDV6212_POE\ST10269809_CLDV6212_POE.csproj", "{0867BCB4-E4EF-481D-BB3A-CD801C05BD5A}"
EndProject
Global
	GlobalSection(SolutionConfigurationPlatforms) = preSolution
		Debug|Any CPU = Debug|Any CPU
		Release|Any CPU = Release|Any CPU
	EndGlobalSection
	GlobalSection(ProjectConfigurationPlatforms) = postSolution
		{0867BCB4-E4EF-481D-BB3A-CD801C05BD5A}.Debug|Any CPU.ActiveCfg = Debug|Any CPU
		{0867BCB4-E4EF-481D-BB3A-CD801C05BD5A}.Debug|Any CPU.Build.0 = Debug|Any CPU
		{0867BCB4-E4EF-481D-BB3A-CD801C05BD5A}.Release|Any CPU.ActiveCfg = Release|Any CPU
		{0867BCB4-E4EF-481D-BB3A-CD801C05BD5A}.Release|Any CPU.Build.0 = Release|Any CPU
	EndGlobalSection
	GlobalSection(SolutionProperties) = preSolution
		HideSolutionNode = FALSE
	EndGlobalSection
	GlobalSection(ExtensibilityGlobals) = postSolution
		SolutionGuid = {5B27CBB9-FD62-411E-B339-70C52865771F}
	EndGlobalSection
EndGlobal
